// !$*UTF8*$!
{
	archiveVersion = 1;
	classes = {
	};
	objectVersion = 46;
	objects = {

/* Begin PBXBuildFile section */
		0B17F88D1EA837ED00A71E79 /* AppDelegate.swift in Sources */ = {isa = PBXBuildFile; fileRef = 0B17F88C1EA837ED00A71E79 /* AppDelegate.swift */; };
		0B17F88F1EA837ED00A71E79 /* MasterViewController.swift in Sources */ = {isa = PBXBuildFile; fileRef = 0B17F88E1EA837ED00A71E79 /* MasterViewController.swift */; };
		0B17F8911EA837ED00A71E79 /* DetailViewController.swift in Sources */ = {isa = PBXBuildFile; fileRef = 0B17F8901EA837ED00A71E79 /* DetailViewController.swift */; };
		0B17F8941EA837ED00A71E79 /* Main.storyboard in Resources */ = {isa = PBXBuildFile; fileRef = 0B17F8921EA837ED00A71E79 /* Main.storyboard */; };
		0B17F8961EA837ED00A71E79 /* Assets.xcassets in Resources */ = {isa = PBXBuildFile; fileRef = 0B17F8951EA837ED00A71E79 /* Assets.xcassets */; };
		0B17F8991EA837ED00A71E79 /* LaunchScreen.storyboard in Resources */ = {isa = PBXBuildFile; fileRef = 0B17F8971EA837ED00A71E79 /* LaunchScreen.storyboard */; };
		0B17F8A41EA837EE00A71E79 /* ReckonINGTests.swift in Sources */ = {isa = PBXBuildFile; fileRef = 0B17F8A31EA837EE00A71E79 /* ReckonINGTests.swift */; };
		0B17F8AF1EA837EE00A71E79 /* ReckonINGUITests.swift in Sources */ = {isa = PBXBuildFile; fileRef = 0B17F8AE1EA837EE00A71E79 /* ReckonINGUITests.swift */; };
		0B17F8BD1EA86C0B00A71E79 /* DetailTableViewController.swift in Sources */ = {isa = PBXBuildFile; fileRef = 0B17F8BC1EA86C0B00A71E79 /* DetailTableViewController.swift */; };
		0B17F8BF1EA8C21300A71E79 /* UserProfileCell.swift in Sources */ = {isa = PBXBuildFile; fileRef = 0B17F8BE1EA8C21300A71E79 /* UserProfileCell.swift */; };
		0B17F8C11EA8C9C100A71E79 /* BankSummaryCell.swift in Sources */ = {isa = PBXBuildFile; fileRef = 0B17F8C01EA8C9C100A71E79 /* BankSummaryCell.swift */; };
		0B17F8C31EA8DF8900A71E79 /* UIColor+Extension.swift in Sources */ = {isa = PBXBuildFile; fileRef = 0B17F8C21EA8DF8900A71E79 /* UIColor+Extension.swift */; };
		0B17F8C61EA8F6D900A71E79 /* Style.swift in Sources */ = {isa = PBXBuildFile; fileRef = 0B17F8C51EA8F6D900A71E79 /* Style.swift */; };
		0B17F8DE1EB30C3900A71E79 /* AlexaInteractionViewController.swift in Sources */ = {isa = PBXBuildFile; fileRef = 0B17F8DD1EB30C3900A71E79 /* AlexaInteractionViewController.swift */; };
		0B5D40161EBA0652004C2699 /* Cache.swift in Sources */ = {isa = PBXBuildFile; fileRef = 0B5D40151EBA0652004C2699 /* Cache.swift */; };
		0B5D40181EBA185C004C2699 /* Server.swift in Sources */ = {isa = PBXBuildFile; fileRef = 0B5D40171EBA185C004C2699 /* Server.swift */; };
		0B5D401A1EBA27FF004C2699 /* TransactionViewController.swift in Sources */ = {isa = PBXBuildFile; fileRef = 0B5D40191EBA27FF004C2699 /* TransactionViewController.swift */; };
		0B5D401C1EBA2A1B004C2699 /* Transaction.swift in Sources */ = {isa = PBXBuildFile; fileRef = 0B5D401B1EBA2A1B004C2699 /* Transaction.swift */; };
		0B5D401E1EBB7500004C2699 /* TransactionTableViewCell.swift in Sources */ = {isa = PBXBuildFile; fileRef = 0B5D401D1EBB7500004C2699 /* TransactionTableViewCell.swift */; };
		0B5D40271EBBF32D004C2699 /* IntentHandler.swift in Sources */ = {isa = PBXBuildFile; fileRef = 0B5D40261EBBF32D004C2699 /* IntentHandler.swift */; };
		0B5D40301EBBF32D004C2699 /* IntentsUI.framework in Frameworks */ = {isa = PBXBuildFile; fileRef = 0B5D402F1EBBF32D004C2699 /* IntentsUI.framework */; };
		0B5D40331EBBF32D004C2699 /* IntentViewController.swift in Sources */ = {isa = PBXBuildFile; fileRef = 0B5D40321EBBF32D004C2699 /* IntentViewController.swift */; };
		0B5D40361EBBF32D004C2699 /* MainInterface.storyboard in Resources */ = {isa = PBXBuildFile; fileRef = 0B5D40341EBBF32D004C2699 /* MainInterface.storyboard */; };
		0B5D403A1EBBF32D004C2699 /* SiriExtensionUI.appex in Embed App Extensions */ = {isa = PBXBuildFile; fileRef = 0B5D402D1EBBF32D004C2699 /* SiriExtensionUI.appex */; settings = {ATTRIBUTES = (RemoveHeadersOnCopy, ); }; };
		0B5D403D1EBBF32D004C2699 /* SiriExtension.appex in Embed App Extensions */ = {isa = PBXBuildFile; fileRef = 0B5D40241EBBF32D004C2699 /* SiriExtension.appex */; settings = {ATTRIBUTES = (RemoveHeadersOnCopy, ); }; };
		0B75715A1EB83FD60010C255 /* Account.swift in Sources */ = {isa = PBXBuildFile; fileRef = 0B7571591EB83FD60010C255 /* Account.swift */; };
		0B9F612D1EC0351A00E8FAA8 /* Server.swift in Sources */ = {isa = PBXBuildFile; fileRef = 0B5D40171EBA185C004C2699 /* Server.swift */; };
		0BE7A2611EC6D73B0088299B /* PayeeTableViewController.swift in Sources */ = {isa = PBXBuildFile; fileRef = 0BE7A2601EC6D73B0088299B /* PayeeTableViewController.swift */; };
		992561B81EBDB296002B64B4 /* DetailedPromoViewController.swift in Sources */ = {isa = PBXBuildFile; fileRef = 992561B41EBDB296002B64B4 /* DetailedPromoViewController.swift */; };
		992561B91EBDB296002B64B4 /* PromoCell.swift in Sources */ = {isa = PBXBuildFile; fileRef = 992561B51EBDB296002B64B4 /* PromoCell.swift */; };
		992561BA1EBDB296002B64B4 /* PromoTableViewController.swift in Sources */ = {isa = PBXBuildFile; fileRef = 992561B61EBDB296002B64B4 /* PromoTableViewController.swift */; };
/* End PBXBuildFile section */

/* Begin PBXContainerItemProxy section */
		0B17F8A01EA837EE00A71E79 /* PBXContainerItemProxy */ = {
			isa = PBXContainerItemProxy;
			containerPortal = 0B17F8811EA837ED00A71E79 /* Project object */;
			proxyType = 1;
			remoteGlobalIDString = 0B17F8881EA837ED00A71E79;
			remoteInfo = ReckonING;
		};
		0B17F8AB1EA837EE00A71E79 /* PBXContainerItemProxy */ = {
			isa = PBXContainerItemProxy;
			containerPortal = 0B17F8811EA837ED00A71E79 /* Project object */;
			proxyType = 1;
			remoteGlobalIDString = 0B17F8881EA837ED00A71E79;
			remoteInfo = ReckonING;
		};
		0B5D40381EBBF32D004C2699 /* PBXContainerItemProxy */ = {
			isa = PBXContainerItemProxy;
			containerPortal = 0B17F8811EA837ED00A71E79 /* Project object */;
			proxyType = 1;
			remoteGlobalIDString = 0B5D402C1EBBF32D004C2699;
			remoteInfo = SiriExtensionUI;
		};
		0B5D403B1EBBF32D004C2699 /* PBXContainerItemProxy */ = {
			isa = PBXContainerItemProxy;
			containerPortal = 0B17F8811EA837ED00A71E79 /* Project object */;
			proxyType = 1;
			remoteGlobalIDString = 0B5D40231EBBF32D004C2699;
			remoteInfo = SiriExtension;
		};
/* End PBXContainerItemProxy section */

/* Begin PBXCopyFilesBuildPhase section */
		0B5D40441EBBF32D004C2699 /* Embed App Extensions */ = {
			isa = PBXCopyFilesBuildPhase;
			buildActionMask = 2147483647;
			dstPath = "";
			dstSubfolderSpec = 13;
			files = (
				0B5D403A1EBBF32D004C2699 /* SiriExtensionUI.appex in Embed App Extensions */,
				0B5D403D1EBBF32D004C2699 /* SiriExtension.appex in Embed App Extensions */,
			);
			name = "Embed App Extensions";
			runOnlyForDeploymentPostprocessing = 0;
		};
/* End PBXCopyFilesBuildPhase section */

/* Begin PBXFileReference section */
		0B17F8891EA837ED00A71E79 /* ReckonING.app */ = {isa = PBXFileReference; explicitFileType = wrapper.application; includeInIndex = 0; path = ReckonING.app; sourceTree = BUILT_PRODUCTS_DIR; };
		0B17F88C1EA837ED00A71E79 /* AppDelegate.swift */ = {isa = PBXFileReference; lastKnownFileType = sourcecode.swift; path = AppDelegate.swift; sourceTree = "<group>"; };
		0B17F88E1EA837ED00A71E79 /* MasterViewController.swift */ = {isa = PBXFileReference; lastKnownFileType = sourcecode.swift; path = MasterViewController.swift; sourceTree = "<group>"; };
		0B17F8901EA837ED00A71E79 /* DetailViewController.swift */ = {isa = PBXFileReference; lastKnownFileType = sourcecode.swift; path = DetailViewController.swift; sourceTree = "<group>"; };
		0B17F8931EA837ED00A71E79 /* Base */ = {isa = PBXFileReference; lastKnownFileType = file.storyboard; name = Base; path = Base.lproj/Main.storyboard; sourceTree = "<group>"; };
		0B17F8951EA837ED00A71E79 /* Assets.xcassets */ = {isa = PBXFileReference; lastKnownFileType = folder.assetcatalog; path = Assets.xcassets; sourceTree = "<group>"; };
		0B17F8981EA837ED00A71E79 /* Base */ = {isa = PBXFileReference; lastKnownFileType = file.storyboard; name = Base; path = Base.lproj/LaunchScreen.storyboard; sourceTree = "<group>"; };
		0B17F89A1EA837ED00A71E79 /* Info.plist */ = {isa = PBXFileReference; lastKnownFileType = text.plist.xml; path = Info.plist; sourceTree = "<group>"; };
		0B17F89F1EA837EE00A71E79 /* ReckonINGTests.xctest */ = {isa = PBXFileReference; explicitFileType = wrapper.cfbundle; includeInIndex = 0; path = ReckonINGTests.xctest; sourceTree = BUILT_PRODUCTS_DIR; };
		0B17F8A31EA837EE00A71E79 /* ReckonINGTests.swift */ = {isa = PBXFileReference; lastKnownFileType = sourcecode.swift; path = ReckonINGTests.swift; sourceTree = "<group>"; };
		0B17F8A51EA837EE00A71E79 /* Info.plist */ = {isa = PBXFileReference; lastKnownFileType = text.plist.xml; path = Info.plist; sourceTree = "<group>"; };
		0B17F8AA1EA837EE00A71E79 /* ReckonINGUITests.xctest */ = {isa = PBXFileReference; explicitFileType = wrapper.cfbundle; includeInIndex = 0; path = ReckonINGUITests.xctest; sourceTree = BUILT_PRODUCTS_DIR; };
		0B17F8AE1EA837EE00A71E79 /* ReckonINGUITests.swift */ = {isa = PBXFileReference; lastKnownFileType = sourcecode.swift; path = ReckonINGUITests.swift; sourceTree = "<group>"; };
		0B17F8B01EA837EE00A71E79 /* Info.plist */ = {isa = PBXFileReference; lastKnownFileType = text.plist.xml; path = Info.plist; sourceTree = "<group>"; };
		0B17F8BC1EA86C0B00A71E79 /* DetailTableViewController.swift */ = {isa = PBXFileReference; fileEncoding = 4; lastKnownFileType = sourcecode.swift; path = DetailTableViewController.swift; sourceTree = "<group>"; };
		0B17F8BE1EA8C21300A71E79 /* UserProfileCell.swift */ = {isa = PBXFileReference; fileEncoding = 4; lastKnownFileType = sourcecode.swift; path = UserProfileCell.swift; sourceTree = "<group>"; };
		0B17F8C01EA8C9C100A71E79 /* BankSummaryCell.swift */ = {isa = PBXFileReference; fileEncoding = 4; lastKnownFileType = sourcecode.swift; path = BankSummaryCell.swift; sourceTree = "<group>"; };
		0B17F8C21EA8DF8900A71E79 /* UIColor+Extension.swift */ = {isa = PBXFileReference; fileEncoding = 4; lastKnownFileType = sourcecode.swift; path = "UIColor+Extension.swift"; sourceTree = "<group>"; };
		0B17F8C51EA8F6D900A71E79 /* Style.swift */ = {isa = PBXFileReference; fileEncoding = 4; lastKnownFileType = sourcecode.swift; name = Style.swift; path = Utility/Style.swift; sourceTree = "<group>"; };
		0B17F8DD1EB30C3900A71E79 /* AlexaInteractionViewController.swift */ = {isa = PBXFileReference; fileEncoding = 4; lastKnownFileType = sourcecode.swift; name = AlexaInteractionViewController.swift; path = Amazon/AlexaInteractionViewController.swift; sourceTree = "<group>"; };
		0B5D40151EBA0652004C2699 /* Cache.swift */ = {isa = PBXFileReference; fileEncoding = 4; lastKnownFileType = sourcecode.swift; name = Cache.swift; path = Utility/Cache.swift; sourceTree = "<group>"; };
		0B5D40171EBA185C004C2699 /* Server.swift */ = {isa = PBXFileReference; fileEncoding = 4; lastKnownFileType = sourcecode.swift; name = Server.swift; path = Utility/Server.swift; sourceTree = "<group>"; };
		0B5D40191EBA27FF004C2699 /* TransactionViewController.swift */ = {isa = PBXFileReference; fileEncoding = 4; lastKnownFileType = sourcecode.swift; path = TransactionViewController.swift; sourceTree = "<group>"; };
		0B5D401B1EBA2A1B004C2699 /* Transaction.swift */ = {isa = PBXFileReference; fileEncoding = 4; lastKnownFileType = sourcecode.swift; name = Transaction.swift; path = Entity/Transaction.swift; sourceTree = "<group>"; };
		0B5D401D1EBB7500004C2699 /* TransactionTableViewCell.swift */ = {isa = PBXFileReference; fileEncoding = 4; lastKnownFileType = sourcecode.swift; path = TransactionTableViewCell.swift; sourceTree = "<group>"; };
		0B5D401F1EBBF1EF004C2699 /* ReckonING.entitlements */ = {isa = PBXFileReference; lastKnownFileType = text.plist.entitlements; path = ReckonING.entitlements; sourceTree = "<group>"; };
		0B5D40241EBBF32D004C2699 /* SiriExtension.appex */ = {isa = PBXFileReference; explicitFileType = "wrapper.app-extension"; includeInIndex = 0; path = SiriExtension.appex; sourceTree = BUILT_PRODUCTS_DIR; };
		0B5D40261EBBF32D004C2699 /* IntentHandler.swift */ = {isa = PBXFileReference; lastKnownFileType = sourcecode.swift; path = IntentHandler.swift; sourceTree = "<group>"; };
		0B5D40281EBBF32D004C2699 /* Info.plist */ = {isa = PBXFileReference; lastKnownFileType = text.plist.xml; path = Info.plist; sourceTree = "<group>"; };
		0B5D402D1EBBF32D004C2699 /* SiriExtensionUI.appex */ = {isa = PBXFileReference; explicitFileType = "wrapper.app-extension"; includeInIndex = 0; path = SiriExtensionUI.appex; sourceTree = BUILT_PRODUCTS_DIR; };
		0B5D402F1EBBF32D004C2699 /* IntentsUI.framework */ = {isa = PBXFileReference; lastKnownFileType = wrapper.framework; name = IntentsUI.framework; path = System/Library/Frameworks/IntentsUI.framework; sourceTree = SDKROOT; };
		0B5D40321EBBF32D004C2699 /* IntentViewController.swift */ = {isa = PBXFileReference; lastKnownFileType = sourcecode.swift; path = IntentViewController.swift; sourceTree = "<group>"; };
		0B5D40351EBBF32D004C2699 /* Base */ = {isa = PBXFileReference; lastKnownFileType = file.storyboard; name = Base; path = Base.lproj/MainInterface.storyboard; sourceTree = "<group>"; };
		0B5D40371EBBF32D004C2699 /* Info.plist */ = {isa = PBXFileReference; lastKnownFileType = text.plist.xml; path = Info.plist; sourceTree = "<group>"; };
		0B7571591EB83FD60010C255 /* Account.swift */ = {isa = PBXFileReference; fileEncoding = 4; lastKnownFileType = sourcecode.swift; name = Account.swift; path = Utility/Account.swift; sourceTree = "<group>"; };
		0BE7A2601EC6D73B0088299B /* PayeeTableViewController.swift */ = {isa = PBXFileReference; fileEncoding = 4; lastKnownFileType = sourcecode.swift; path = PayeeTableViewController.swift; sourceTree = "<group>"; };
		992561B41EBDB296002B64B4 /* DetailedPromoViewController.swift */ = {isa = PBXFileReference; fileEncoding = 4; lastKnownFileType = sourcecode.swift; path = DetailedPromoViewController.swift; sourceTree = "<group>"; };
		992561B51EBDB296002B64B4 /* PromoCell.swift */ = {isa = PBXFileReference; fileEncoding = 4; lastKnownFileType = sourcecode.swift; path = PromoCell.swift; sourceTree = "<group>"; };
		992561B61EBDB296002B64B4 /* PromoTableViewController.swift */ = {isa = PBXFileReference; fileEncoding = 4; lastKnownFileType = sourcecode.swift; path = PromoTableViewController.swift; sourceTree = "<group>"; };
/* End PBXFileReference section */

/* Begin PBXFrameworksBuildPhase section */
		0B17F8861EA837ED00A71E79 /* Frameworks */ = {
			isa = PBXFrameworksBuildPhase;
			buildActionMask = 2147483647;
			files = (
			);
			runOnlyForDeploymentPostprocessing = 0;
		};
		0B17F89C1EA837EE00A71E79 /* Frameworks */ = {
			isa = PBXFrameworksBuildPhase;
			buildActionMask = 2147483647;
			files = (
			);
			runOnlyForDeploymentPostprocessing = 0;
		};
		0B17F8A71EA837EE00A71E79 /* Frameworks */ = {
			isa = PBXFrameworksBuildPhase;
			buildActionMask = 2147483647;
			files = (
			);
			runOnlyForDeploymentPostprocessing = 0;
		};
		0B5D40211EBBF32D004C2699 /* Frameworks */ = {
			isa = PBXFrameworksBuildPhase;
			buildActionMask = 2147483647;
			files = (
			);
			runOnlyForDeploymentPostprocessing = 0;
		};
		0B5D402A1EBBF32D004C2699 /* Frameworks */ = {
			isa = PBXFrameworksBuildPhase;
			buildActionMask = 2147483647;
			files = (
				0B5D40301EBBF32D004C2699 /* IntentsUI.framework in Frameworks */,
			);
			runOnlyForDeploymentPostprocessing = 0;
		};
/* End PBXFrameworksBuildPhase section */

/* Begin PBXGroup section */
		0B17F8801EA837ED00A71E79 = {
			isa = PBXGroup;
			children = (
				0B17F88B1EA837ED00A71E79 /* ReckonING */,
				0B5D40251EBBF32D004C2699 /* SiriExtension */,
				0B5D40311EBBF32D004C2699 /* SiriExtensionUI */,
				0B17F8A21EA837EE00A71E79 /* ReckonINGTests */,
				0B17F8AD1EA837EE00A71E79 /* ReckonINGUITests */,
				0B5D402E1EBBF32D004C2699 /* Frameworks */,
				0B17F88A1EA837ED00A71E79 /* Products */,
			);
			sourceTree = "<group>";
		};
		0B17F88A1EA837ED00A71E79 /* Products */ = {
			isa = PBXGroup;
			children = (
				0B17F8891EA837ED00A71E79 /* ReckonING.app */,
				0B17F89F1EA837EE00A71E79 /* ReckonINGTests.xctest */,
				0B17F8AA1EA837EE00A71E79 /* ReckonINGUITests.xctest */,
				0B5D40241EBBF32D004C2699 /* SiriExtension.appex */,
				0B5D402D1EBBF32D004C2699 /* SiriExtensionUI.appex */,
			);
			name = Products;
			sourceTree = "<group>";
		};
		0B17F88B1EA837ED00A71E79 /* ReckonING */ = {
			isa = PBXGroup;
			children = (
				992561B41EBDB296002B64B4 /* DetailedPromoViewController.swift */,
				992561B51EBDB296002B64B4 /* PromoCell.swift */,
				992561B61EBDB296002B64B4 /* PromoTableViewController.swift */,
				0B5D401F1EBBF1EF004C2699 /* ReckonING.entitlements */,
				0B7571581EB83FAB0010C255 /* Entity */,
				0B17F8DC1EB30C2500A71E79 /* Amazon */,
				0B17F88C1EA837ED00A71E79 /* AppDelegate.swift */,
				0B17F88E1EA837ED00A71E79 /* MasterViewController.swift */,
				0B17F8C01EA8C9C100A71E79 /* BankSummaryCell.swift */,
				0B17F8BC1EA86C0B00A71E79 /* DetailTableViewController.swift */,
				0B5D40191EBA27FF004C2699 /* TransactionViewController.swift */,
				0B5D401D1EBB7500004C2699 /* TransactionTableViewCell.swift */,
				0B17F8BE1EA8C21300A71E79 /* UserProfileCell.swift */,
				0BE7A2601EC6D73B0088299B /* PayeeTableViewController.swift */,
				0B17F8C41EA8F6A200A71E79 /* Utility */,
				0B17F8921EA837ED00A71E79 /* Main.storyboard */,
				0B17F8951EA837ED00A71E79 /* Assets.xcassets */,
				0B17F8971EA837ED00A71E79 /* LaunchScreen.storyboard */,
				0B17F89A1EA837ED00A71E79 /* Info.plist */,
				0B17F8901EA837ED00A71E79 /* DetailViewController.swift */,
			);
			path = ReckonING;
			sourceTree = "<group>";
		};
		0B17F8A21EA837EE00A71E79 /* ReckonINGTests */ = {
			isa = PBXGroup;
			children = (
				0B17F8A31EA837EE00A71E79 /* ReckonINGTests.swift */,
				0B17F8A51EA837EE00A71E79 /* Info.plist */,
			);
			path = ReckonINGTests;
			sourceTree = "<group>";
		};
		0B17F8AD1EA837EE00A71E79 /* ReckonINGUITests */ = {
			isa = PBXGroup;
			children = (
				0B17F8AE1EA837EE00A71E79 /* ReckonINGUITests.swift */,
				0B17F8B01EA837EE00A71E79 /* Info.plist */,
			);
			path = ReckonINGUITests;
			sourceTree = "<group>";
		};
		0B17F8C41EA8F6A200A71E79 /* Utility */ = {
			isa = PBXGroup;
			children = (
				0B17F8C21EA8DF8900A71E79 /* UIColor+Extension.swift */,
				0B17F8C51EA8F6D900A71E79 /* Style.swift */,
				0B5D40151EBA0652004C2699 /* Cache.swift */,
				0B5D40171EBA185C004C2699 /* Server.swift */,
			);
			name = Utility;
			sourceTree = "<group>";
		};
		0B17F8DC1EB30C2500A71E79 /* Amazon */ = {
			isa = PBXGroup;
			children = (
				0B17F8DD1EB30C3900A71E79 /* AlexaInteractionViewController.swift */,
			);
			name = Amazon;
			sourceTree = "<group>";
		};
		0B5D40251EBBF32D004C2699 /* SiriExtension */ = {
			isa = PBXGroup;
			children = (
				0B5D40261EBBF32D004C2699 /* IntentHandler.swift */,
				0B5D40281EBBF32D004C2699 /* Info.plist */,
			);
			path = SiriExtension;
			sourceTree = "<group>";
		};
		0B5D402E1EBBF32D004C2699 /* Frameworks */ = {
			isa = PBXGroup;
			children = (
				0B5D402F1EBBF32D004C2699 /* IntentsUI.framework */,
			);
			name = Frameworks;
			sourceTree = "<group>";
		};
		0B5D40311EBBF32D004C2699 /* SiriExtensionUI */ = {
			isa = PBXGroup;
			children = (
				0B5D40321EBBF32D004C2699 /* IntentViewController.swift */,
				0B5D40341EBBF32D004C2699 /* MainInterface.storyboard */,
				0B5D40371EBBF32D004C2699 /* Info.plist */,
			);
			path = SiriExtensionUI;
			sourceTree = "<group>";
		};
		0B7571581EB83FAB0010C255 /* Entity */ = {
			isa = PBXGroup;
			children = (
				0B7571591EB83FD60010C255 /* Account.swift */,
				0B5D401B1EBA2A1B004C2699 /* Transaction.swift */,
			);
			name = Entity;
			sourceTree = "<group>";
		};
/* End PBXGroup section */

/* Begin PBXNativeTarget section */
		0B17F8881EA837ED00A71E79 /* ReckonING */ = {
			isa = PBXNativeTarget;
			buildConfigurationList = 0B17F8B31EA837EE00A71E79 /* Build configuration list for PBXNativeTarget "ReckonING" */;
			buildPhases = (
				0B17F8851EA837ED00A71E79 /* Sources */,
				0B17F8861EA837ED00A71E79 /* Frameworks */,
				0B17F8871EA837ED00A71E79 /* Resources */,
				0B5D40441EBBF32D004C2699 /* Embed App Extensions */,
			);
			buildRules = (
			);
			dependencies = (
				0B5D40391EBBF32D004C2699 /* PBXTargetDependency */,
				0B5D403C1EBBF32D004C2699 /* PBXTargetDependency */,
			);
			name = ReckonING;
			productName = ReckonING;
			productReference = 0B17F8891EA837ED00A71E79 /* ReckonING.app */;
			productType = "com.apple.product-type.application";
		};
		0B17F89E1EA837EE00A71E79 /* ReckonINGTests */ = {
			isa = PBXNativeTarget;
			buildConfigurationList = 0B17F8B61EA837EE00A71E79 /* Build configuration list for PBXNativeTarget "ReckonINGTests" */;
			buildPhases = (
				0B17F89B1EA837EE00A71E79 /* Sources */,
				0B17F89C1EA837EE00A71E79 /* Frameworks */,
				0B17F89D1EA837EE00A71E79 /* Resources */,
			);
			buildRules = (
			);
			dependencies = (
				0B17F8A11EA837EE00A71E79 /* PBXTargetDependency */,
			);
			name = ReckonINGTests;
			productName = ReckonINGTests;
			productReference = 0B17F89F1EA837EE00A71E79 /* ReckonINGTests.xctest */;
			productType = "com.apple.product-type.bundle.unit-test";
		};
		0B17F8A91EA837EE00A71E79 /* ReckonINGUITests */ = {
			isa = PBXNativeTarget;
			buildConfigurationList = 0B17F8B91EA837EE00A71E79 /* Build configuration list for PBXNativeTarget "ReckonINGUITests" */;
			buildPhases = (
				0B17F8A61EA837EE00A71E79 /* Sources */,
				0B17F8A71EA837EE00A71E79 /* Frameworks */,
				0B17F8A81EA837EE00A71E79 /* Resources */,
			);
			buildRules = (
			);
			dependencies = (
				0B17F8AC1EA837EE00A71E79 /* PBXTargetDependency */,
			);
			name = ReckonINGUITests;
			productName = ReckonINGUITests;
			productReference = 0B17F8AA1EA837EE00A71E79 /* ReckonINGUITests.xctest */;
			productType = "com.apple.product-type.bundle.ui-testing";
		};
		0B5D40231EBBF32D004C2699 /* SiriExtension */ = {
			isa = PBXNativeTarget;
			buildConfigurationList = 0B5D40411EBBF32D004C2699 /* Build configuration list for PBXNativeTarget "SiriExtension" */;
			buildPhases = (
				0B5D40201EBBF32D004C2699 /* Sources */,
				0B5D40211EBBF32D004C2699 /* Frameworks */,
				0B5D40221EBBF32D004C2699 /* Resources */,
			);
			buildRules = (
			);
			dependencies = (
			);
			name = SiriExtension;
			productName = SiriExtension;
			productReference = 0B5D40241EBBF32D004C2699 /* SiriExtension.appex */;
			productType = "com.apple.product-type.app-extension";
		};
		0B5D402C1EBBF32D004C2699 /* SiriExtensionUI */ = {
			isa = PBXNativeTarget;
			buildConfigurationList = 0B5D403E1EBBF32D004C2699 /* Build configuration list for PBXNativeTarget "SiriExtensionUI" */;
			buildPhases = (
				0B5D40291EBBF32D004C2699 /* Sources */,
				0B5D402A1EBBF32D004C2699 /* Frameworks */,
				0B5D402B1EBBF32D004C2699 /* Resources */,
			);
			buildRules = (
			);
			dependencies = (
			);
			name = SiriExtensionUI;
			productName = SiriExtensionUI;
			productReference = 0B5D402D1EBBF32D004C2699 /* SiriExtensionUI.appex */;
			productType = "com.apple.product-type.app-extension";
		};
/* End PBXNativeTarget section */

/* Begin PBXProject section */
		0B17F8811EA837ED00A71E79 /* Project object */ = {
			isa = PBXProject;
			attributes = {
				LastSwiftUpdateCheck = 0820;
				LastUpgradeCheck = 0820;
				ORGANIZATIONNAME = Hackathon;
				TargetAttributes = {
					0B17F8881EA837ED00A71E79 = {
						CreatedOnToolsVersion = 8.2.1;
						DevelopmentTeam = U74S5597C9;
						ProvisioningStyle = Automatic;
						SystemCapabilities = {
							com.apple.Siri = {
								enabled = 1;
							};
						};
					};
					0B17F89E1EA837EE00A71E79 = {
						CreatedOnToolsVersion = 8.2.1;
						DevelopmentTeam = U74S5597C9;
						ProvisioningStyle = Automatic;
						TestTargetID = 0B17F8881EA837ED00A71E79;
					};
					0B17F8A91EA837EE00A71E79 = {
						CreatedOnToolsVersion = 8.2.1;
						DevelopmentTeam = U74S5597C9;
						ProvisioningStyle = Automatic;
						TestTargetID = 0B17F8881EA837ED00A71E79;
					};
					0B5D40231EBBF32D004C2699 = {
						CreatedOnToolsVersion = 8.2.1;
						DevelopmentTeam = U74S5597C9;
						ProvisioningStyle = Automatic;
					};
					0B5D402C1EBBF32D004C2699 = {
						CreatedOnToolsVersion = 8.2.1;
						DevelopmentTeam = U74S5597C9;
						ProvisioningStyle = Automatic;
					};
				};
			};
			buildConfigurationList = 0B17F8841EA837ED00A71E79 /* Build configuration list for PBXProject "ReckonING" */;
			compatibilityVersion = "Xcode 3.2";
			developmentRegion = English;
			hasScannedForEncodings = 0;
			knownRegions = (
				en,
				Base,
			);
			mainGroup = 0B17F8801EA837ED00A71E79;
			productRefGroup = 0B17F88A1EA837ED00A71E79 /* Products */;
			projectDirPath = "";
			projectRoot = "";
			targets = (
				0B17F8881EA837ED00A71E79 /* ReckonING */,
				0B17F89E1EA837EE00A71E79 /* ReckonINGTests */,
				0B17F8A91EA837EE00A71E79 /* ReckonINGUITests */,
				0B5D40231EBBF32D004C2699 /* SiriExtension */,
				0B5D402C1EBBF32D004C2699 /* SiriExtensionUI */,
			);
		};
/* End PBXProject section */

/* Begin PBXResourcesBuildPhase section */
		0B17F8871EA837ED00A71E79 /* Resources */ = {
			isa = PBXResourcesBuildPhase;
			buildActionMask = 2147483647;
			files = (
				0B17F8991EA837ED00A71E79 /* LaunchScreen.storyboard in Resources */,
				0B17F8961EA837ED00A71E79 /* Assets.xcassets in Resources */,
				0B17F8941EA837ED00A71E79 /* Main.storyboard in Resources */,
			);
			runOnlyForDeploymentPostprocessing = 0;
		};
		0B17F89D1EA837EE00A71E79 /* Resources */ = {
			isa = PBXResourcesBuildPhase;
			buildActionMask = 2147483647;
			files = (
			);
			runOnlyForDeploymentPostprocessing = 0;
		};
		0B17F8A81EA837EE00A71E79 /* Resources */ = {
			isa = PBXResourcesBuildPhase;
			buildActionMask = 2147483647;
			files = (
			);
			runOnlyForDeploymentPostprocessing = 0;
		};
		0B5D40221EBBF32D004C2699 /* Resources */ = {
			isa = PBXResourcesBuildPhase;
			buildActionMask = 2147483647;
			files = (
			);
			runOnlyForDeploymentPostprocessing = 0;
		};
		0B5D402B1EBBF32D004C2699 /* Resources */ = {
			isa = PBXResourcesBuildPhase;
			buildActionMask = 2147483647;
			files = (
				0B5D40361EBBF32D004C2699 /* MainInterface.storyboard in Resources */,
			);
			runOnlyForDeploymentPostprocessing = 0;
		};
/* End PBXResourcesBuildPhase section */

/* Begin PBXSourcesBuildPhase section */
		0B17F8851EA837ED00A71E79 /* Sources */ = {
			isa = PBXSourcesBuildPhase;
			buildActionMask = 2147483647;
			files = (
				0B5D401C1EBA2A1B004C2699 /* Transaction.swift in Sources */,
				0B5D401E1EBB7500004C2699 /* TransactionTableViewCell.swift in Sources */,
				0B17F8C31EA8DF8900A71E79 /* UIColor+Extension.swift in Sources */,
				0B17F8C11EA8C9C100A71E79 /* BankSummaryCell.swift in Sources */,
				0B17F8DE1EB30C3900A71E79 /* AlexaInteractionViewController.swift in Sources */,
				0B17F8BD1EA86C0B00A71E79 /* DetailTableViewController.swift in Sources */,
				0B5D40161EBA0652004C2699 /* Cache.swift in Sources */,
				0B17F8BF1EA8C21300A71E79 /* UserProfileCell.swift in Sources */,
				0BE7A2611EC6D73B0088299B /* PayeeTableViewController.swift in Sources */,
				992561B91EBDB296002B64B4 /* PromoCell.swift in Sources */,
				992561BA1EBDB296002B64B4 /* PromoTableViewController.swift in Sources */,
				0B75715A1EB83FD60010C255 /* Account.swift in Sources */,
				0B17F8911EA837ED00A71E79 /* DetailViewController.swift in Sources */,
				0B17F88F1EA837ED00A71E79 /* MasterViewController.swift in Sources */,
				0B17F88D1EA837ED00A71E79 /* AppDelegate.swift in Sources */,
				992561B81EBDB296002B64B4 /* DetailedPromoViewController.swift in Sources */,
				0B5D40181EBA185C004C2699 /* Server.swift in Sources */,
				0B5D401A1EBA27FF004C2699 /* TransactionViewController.swift in Sources */,
				0B17F8C61EA8F6D900A71E79 /* Style.swift in Sources */,
			);
			runOnlyForDeploymentPostprocessing = 0;
		};
		0B17F89B1EA837EE00A71E79 /* Sources */ = {
			isa = PBXSourcesBuildPhase;
			buildActionMask = 2147483647;
			files = (
				0B17F8A41EA837EE00A71E79 /* ReckonINGTests.swift in Sources */,
			);
			runOnlyForDeploymentPostprocessing = 0;
		};
		0B17F8A61EA837EE00A71E79 /* Sources */ = {
			isa = PBXSourcesBuildPhase;
			buildActionMask = 2147483647;
			files = (
				0B17F8AF1EA837EE00A71E79 /* ReckonINGUITests.swift in Sources */,
			);
			runOnlyForDeploymentPostprocessing = 0;
		};
		0B5D40201EBBF32D004C2699 /* Sources */ = {
			isa = PBXSourcesBuildPhase;
			buildActionMask = 2147483647;
			files = (
				0B9F612D1EC0351A00E8FAA8 /* Server.swift in Sources */,
				0B5D40271EBBF32D004C2699 /* IntentHandler.swift in Sources */,
			);
			runOnlyForDeploymentPostprocessing = 0;
		};
		0B5D40291EBBF32D004C2699 /* Sources */ = {
			isa = PBXSourcesBuildPhase;
			buildActionMask = 2147483647;
			files = (
				0B5D40331EBBF32D004C2699 /* IntentViewController.swift in Sources */,
			);
			runOnlyForDeploymentPostprocessing = 0;
		};
/* End PBXSourcesBuildPhase section */

/* Begin PBXTargetDependency section */
		0B17F8A11EA837EE00A71E79 /* PBXTargetDependency */ = {
			isa = PBXTargetDependency;
			target = 0B17F8881EA837ED00A71E79 /* ReckonING */;
			targetProxy = 0B17F8A01EA837EE00A71E79 /* PBXContainerItemProxy */;
		};
		0B17F8AC1EA837EE00A71E79 /* PBXTargetDependency */ = {
			isa = PBXTargetDependency;
			target = 0B17F8881EA837ED00A71E79 /* ReckonING */;
			targetProxy = 0B17F8AB1EA837EE00A71E79 /* PBXContainerItemProxy */;
		};
		0B5D40391EBBF32D004C2699 /* PBXTargetDependency */ = {
			isa = PBXTargetDependency;
			target = 0B5D402C1EBBF32D004C2699 /* SiriExtensionUI */;
			targetProxy = 0B5D40381EBBF32D004C2699 /* PBXContainerItemProxy */;
		};
		0B5D403C1EBBF32D004C2699 /* PBXTargetDependency */ = {
			isa = PBXTargetDependency;
			target = 0B5D40231EBBF32D004C2699 /* SiriExtension */;
			targetProxy = 0B5D403B1EBBF32D004C2699 /* PBXContainerItemProxy */;
		};
/* End PBXTargetDependency section */

/* Begin PBXVariantGroup section */
		0B17F8921EA837ED00A71E79 /* Main.storyboard */ = {
			isa = PBXVariantGroup;
			children = (
				0B17F8931EA837ED00A71E79 /* Base */,
			);
			name = Main.storyboard;
			sourceTree = "<group>";
		};
		0B17F8971EA837ED00A71E79 /* LaunchScreen.storyboard */ = {
			isa = PBXVariantGroup;
			children = (
				0B17F8981EA837ED00A71E79 /* Base */,
			);
			name = LaunchScreen.storyboard;
			sourceTree = "<group>";
		};
		0B5D40341EBBF32D004C2699 /* MainInterface.storyboard */ = {
			isa = PBXVariantGroup;
			children = (
				0B5D40351EBBF32D004C2699 /* Base */,
			);
			name = MainInterface.storyboard;
			sourceTree = "<group>";
		};
/* End PBXVariantGroup section */

/* Begin XCBuildConfiguration section */
		0B17F8B11EA837EE00A71E79 /* Debug */ = {
			isa = XCBuildConfiguration;
			buildSettings = {
				ALWAYS_SEARCH_USER_PATHS = NO;
				CLANG_ANALYZER_NONNULL = YES;
				CLANG_CXX_LANGUAGE_STANDARD = "gnu++0x";
				CLANG_CXX_LIBRARY = "libc++";
				CLANG_ENABLE_MODULES = YES;
				CLANG_ENABLE_OBJC_ARC = YES;
				CLANG_WARN_BOOL_CONVERSION = YES;
				CLANG_WARN_CONSTANT_CONVERSION = YES;
				CLANG_WARN_DIRECT_OBJC_ISA_USAGE = YES_ERROR;
				CLANG_WARN_DOCUMENTATION_COMMENTS = YES;
				CLANG_WARN_EMPTY_BODY = YES;
				CLANG_WARN_ENUM_CONVERSION = YES;
				CLANG_WARN_INFINITE_RECURSION = YES;
				CLANG_WARN_INT_CONVERSION = YES;
				CLANG_WARN_OBJC_ROOT_CLASS = YES_ERROR;
				CLANG_WARN_SUSPICIOUS_MOVE = YES;
				CLANG_WARN_UNREACHABLE_CODE = YES;
				CLANG_WARN__DUPLICATE_METHOD_MATCH = YES;
				"CODE_SIGN_IDENTITY[sdk=iphoneos*]" = "iPhone Developer";
				COPY_PHASE_STRIP = NO;
				DEBUG_INFORMATION_FORMAT = dwarf;
				ENABLE_STRICT_OBJC_MSGSEND = YES;
				ENABLE_TESTABILITY = YES;
				GCC_C_LANGUAGE_STANDARD = gnu99;
				GCC_DYNAMIC_NO_PIC = NO;
				GCC_NO_COMMON_BLOCKS = YES;
				GCC_OPTIMIZATION_LEVEL = 0;
				GCC_PREPROCESSOR_DEFINITIONS = (
					"DEBUG=1",
					"$(inherited)",
				);
				GCC_WARN_64_TO_32_BIT_CONVERSION = YES;
				GCC_WARN_ABOUT_RETURN_TYPE = YES_ERROR;
				GCC_WARN_UNDECLARED_SELECTOR = YES;
				GCC_WARN_UNINITIALIZED_AUTOS = YES_AGGRESSIVE;
				GCC_WARN_UNUSED_FUNCTION = YES;
				GCC_WARN_UNUSED_VARIABLE = YES;
				IPHONEOS_DEPLOYMENT_TARGET = 10.2;
				MTL_ENABLE_DEBUG_INFO = YES;
				ONLY_ACTIVE_ARCH = YES;
				SDKROOT = iphoneos;
				SWIFT_ACTIVE_COMPILATION_CONDITIONS = DEBUG;
				SWIFT_OPTIMIZATION_LEVEL = "-Onone";
				TARGETED_DEVICE_FAMILY = "1,2";
			};
			name = Debug;
		};
		0B17F8B21EA837EE00A71E79 /* Release */ = {
			isa = XCBuildConfiguration;
			buildSettings = {
				ALWAYS_SEARCH_USER_PATHS = NO;
				CLANG_ANALYZER_NONNULL = YES;
				CLANG_CXX_LANGUAGE_STANDARD = "gnu++0x";
				CLANG_CXX_LIBRARY = "libc++";
				CLANG_ENABLE_MODULES = YES;
				CLANG_ENABLE_OBJC_ARC = YES;
				CLANG_WARN_BOOL_CONVERSION = YES;
				CLANG_WARN_CONSTANT_CONVERSION = YES;
				CLANG_WARN_DIRECT_OBJC_ISA_USAGE = YES_ERROR;
				CLANG_WARN_DOCUMENTATION_COMMENTS = YES;
				CLANG_WARN_EMPTY_BODY = YES;
				CLANG_WARN_ENUM_CONVERSION = YES;
				CLANG_WARN_INFINITE_RECURSION = YES;
				CLANG_WARN_INT_CONVERSION = YES;
				CLANG_WARN_OBJC_ROOT_CLASS = YES_ERROR;
				CLANG_WARN_SUSPICIOUS_MOVE = YES;
				CLANG_WARN_UNREACHABLE_CODE = YES;
				CLANG_WARN__DUPLICATE_METHOD_MATCH = YES;
				"CODE_SIGN_IDENTITY[sdk=iphoneos*]" = "iPhone Developer";
				COPY_PHASE_STRIP = NO;
				DEBUG_INFORMATION_FORMAT = "dwarf-with-dsym";
				ENABLE_NS_ASSERTIONS = NO;
				ENABLE_STRICT_OBJC_MSGSEND = YES;
				GCC_C_LANGUAGE_STANDARD = gnu99;
				GCC_NO_COMMON_BLOCKS = YES;
				GCC_WARN_64_TO_32_BIT_CONVERSION = YES;
				GCC_WARN_ABOUT_RETURN_TYPE = YES_ERROR;
				GCC_WARN_UNDECLARED_SELECTOR = YES;
				GCC_WARN_UNINITIALIZED_AUTOS = YES_AGGRESSIVE;
				GCC_WARN_UNUSED_FUNCTION = YES;
				GCC_WARN_UNUSED_VARIABLE = YES;
				IPHONEOS_DEPLOYMENT_TARGET = 10.2;
				MTL_ENABLE_DEBUG_INFO = NO;
				SDKROOT = iphoneos;
				SWIFT_OPTIMIZATION_LEVEL = "-Owholemodule";
				TARGETED_DEVICE_FAMILY = "1,2";
				VALIDATE_PRODUCT = YES;
			};
			name = Release;
		};
		0B17F8B41EA837EE00A71E79 /* Debug */ = {
			isa = XCBuildConfiguration;
			buildSettings = {
				ALWAYS_EMBED_SWIFT_STANDARD_LIBRARIES = YES;
				ASSETCATALOG_COMPILER_APPICON_NAME = AppIcon;
				CODE_SIGN_ENTITLEMENTS = ReckonING/ReckonING.entitlements;
				DEVELOPMENT_TEAM = U74S5597C9;
				INFOPLIST_FILE = ReckonING/Info.plist;
				IPHONEOS_DEPLOYMENT_TARGET = 9.3;
				LD_RUNPATH_SEARCH_PATHS = "$(inherited) @executable_path/Frameworks";
				PRODUCT_BUNDLE_IDENTIFIER = com.ing.ReckonING;
				PRODUCT_NAME = "$(TARGET_NAME)";
				SWIFT_VERSION = 3.0;
			};
			name = Debug;
		};
		0B17F8B51EA837EE00A71E79 /* Release */ = {
			isa = XCBuildConfiguration;
			buildSettings = {
				ALWAYS_EMBED_SWIFT_STANDARD_LIBRARIES = YES;
				ASSETCATALOG_COMPILER_APPICON_NAME = AppIcon;
				CODE_SIGN_ENTITLEMENTS = ReckonING/ReckonING.entitlements;
				DEVELOPMENT_TEAM = U74S5597C9;
				INFOPLIST_FILE = ReckonING/Info.plist;
				IPHONEOS_DEPLOYMENT_TARGET = 9.3;
				LD_RUNPATH_SEARCH_PATHS = "$(inherited) @executable_path/Frameworks";
				PRODUCT_BUNDLE_IDENTIFIER = com.ing.ReckonING;
				PRODUCT_NAME = "$(TARGET_NAME)";
				SWIFT_VERSION = 3.0;
			};
			name = Release;
		};
		0B17F8B71EA837EE00A71E79 /* Debug */ = {
			isa = XCBuildConfiguration;
			buildSettings = {
				ALWAYS_EMBED_SWIFT_STANDARD_LIBRARIES = YES;
				BUNDLE_LOADER = "$(TEST_HOST)";
				DEVELOPMENT_TEAM = U74S5597C9;
				INFOPLIST_FILE = ReckonINGTests/Info.plist;
				LD_RUNPATH_SEARCH_PATHS = "$(inherited) @executable_path/Frameworks @loader_path/Frameworks";
				PRODUCT_BUNDLE_IDENTIFIER = com.ing.ReckonINGTests;
				PRODUCT_NAME = "$(TARGET_NAME)";
				SWIFT_VERSION = 3.0;
				TEST_HOST = "$(BUILT_PRODUCTS_DIR)/ReckonING.app/ReckonING";
			};
			name = Debug;
		};
		0B17F8B81EA837EE00A71E79 /* Release */ = {
			isa = XCBuildConfiguration;
			buildSettings = {
				ALWAYS_EMBED_SWIFT_STANDARD_LIBRARIES = YES;
				BUNDLE_LOADER = "$(TEST_HOST)";
				DEVELOPMENT_TEAM = U74S5597C9;
				INFOPLIST_FILE = ReckonINGTests/Info.plist;
				LD_RUNPATH_SEARCH_PATHS = "$(inherited) @executable_path/Frameworks @loader_path/Frameworks";
				PRODUCT_BUNDLE_IDENTIFIER = com.ing.ReckonINGTests;
				PRODUCT_NAME = "$(TARGET_NAME)";
				SWIFT_VERSION = 3.0;
				TEST_HOST = "$(BUILT_PRODUCTS_DIR)/ReckonING.app/ReckonING";
			};
			name = Release;
		};
		0B17F8BA1EA837EE00A71E79 /* Debug */ = {
			isa = XCBuildConfiguration;
			buildSettings = {
				ALWAYS_EMBED_SWIFT_STANDARD_LIBRARIES = YES;
				DEVELOPMENT_TEAM = U74S5597C9;
				INFOPLIST_FILE = ReckonINGUITests/Info.plist;
				LD_RUNPATH_SEARCH_PATHS = "$(inherited) @executable_path/Frameworks @loader_path/Frameworks";
				PRODUCT_BUNDLE_IDENTIFIER = com.ing.ReckonINGUITests;
				PRODUCT_NAME = "$(TARGET_NAME)";
				SWIFT_VERSION = 3.0;
				TEST_TARGET_NAME = ReckonING;
			};
			name = Debug;
		};
		0B17F8BB1EA837EE00A71E79 /* Release */ = {
			isa = XCBuildConfiguration;
			buildSettings = {
				ALWAYS_EMBED_SWIFT_STANDARD_LIBRARIES = YES;
				DEVELOPMENT_TEAM = U74S5597C9;
				INFOPLIST_FILE = ReckonINGUITests/Info.plist;
				LD_RUNPATH_SEARCH_PATHS = "$(inherited) @executable_path/Frameworks @loader_path/Frameworks";
				PRODUCT_BUNDLE_IDENTIFIER = com.ing.ReckonINGUITests;
				PRODUCT_NAME = "$(TARGET_NAME)";
				SWIFT_VERSION = 3.0;
				TEST_TARGET_NAME = ReckonING;
			};
			name = Release;
		};
		0B5D403F1EBBF32D004C2699 /* Debug */ = {
			isa = XCBuildConfiguration;
			buildSettings = {
				DEVELOPMENT_TEAM = U74S5597C9;
				INFOPLIST_FILE = SiriExtensionUI/Info.plist;
				LD_RUNPATH_SEARCH_PATHS = "$(inherited) @executable_path/Frameworks @executable_path/../../Frameworks";
				PRODUCT_BUNDLE_IDENTIFIER = com.ing.ReckonING.SiriExtensionUI;
				PRODUCT_NAME = "$(TARGET_NAME)";
				SKIP_INSTALL = YES;
				SWIFT_VERSION = 3.0;
			};
			name = Debug;
		};
		0B5D40401EBBF32D004C2699 /* Release */ = {
			isa = XCBuildConfiguration;
			buildSettings = {
				DEVELOPMENT_TEAM = U74S5597C9;
				INFOPLIST_FILE = SiriExtensionUI/Info.plist;
				LD_RUNPATH_SEARCH_PATHS = "$(inherited) @executable_path/Frameworks @executable_path/../../Frameworks";
				PRODUCT_BUNDLE_IDENTIFIER = com.ing.ReckonING.SiriExtensionUI;
				PRODUCT_NAME = "$(TARGET_NAME)";
				SKIP_INSTALL = YES;
				SWIFT_VERSION = 3.0;
			};
			name = Release;
		};
		0B5D40421EBBF32D004C2699 /* Debug */ = {
			isa = XCBuildConfiguration;
			buildSettings = {
				DEVELOPMENT_TEAM = U74S5597C9;
				INFOPLIST_FILE = SiriExtension/Info.plist;
				LD_RUNPATH_SEARCH_PATHS = "$(inherited) @executable_path/Frameworks @executable_path/../../Frameworks";
				PRODUCT_BUNDLE_IDENTIFIER = com.ing.ReckonING.SiriExtension;
				PRODUCT_NAME = "$(TARGET_NAME)";
				SKIP_INSTALL = YES;
				SWIFT_VERSION = 3.0;
			};
			name = Debug;
		};
		0B5D40431EBBF32D004C2699 /* Release */ = {
			isa = XCBuildConfiguration;
			buildSettings = {
				DEVELOPMENT_TEAM = U74S5597C9;
				INFOPLIST_FILE = SiriExtension/Info.plist;
				LD_RUNPATH_SEARCH_PATHS = "$(inherited) @executable_path/Frameworks @executable_path/../../Frameworks";
				PRODUCT_BUNDLE_IDENTIFIER = com.ing.ReckonING.SiriExtension;
				PRODUCT_NAME = "$(TARGET_NAME)";
				SKIP_INSTALL = YES;
				SWIFT_VERSION = 3.0;
			};
			name = Release;
		};
/* End XCBuildConfiguration section */

/* Begin XCConfigurationList section */
		0B17F8841EA837ED00A71E79 /* Build configuration list for PBXProject "ReckonING" */ = {
			isa = XCConfigurationList;
			buildConfigurations = (
				0B17F8B11EA837EE00A71E79 /* Debug */,
				0B17F8B21EA837EE00A71E79 /* Release */,
			);
			defaultConfigurationIsVisible = 0;
			defaultConfigurationName = Release;
		};
		0B17F8B31EA837EE00A71E79 /* Build configuration list for PBXNativeTarget "ReckonING" */ = {
			isa = XCConfigurationList;
			buildConfigurations = (
				0B17F8B41EA837EE00A71E79 /* Debug */,
				0B17F8B51EA837EE00A71E79 /* Release */,
			);
			defaultConfigurationIsVisible = 0;
			defaultConfigurationName = Release;
		};
		0B17F8B61EA837EE00A71E79 /* Build configuration list for PBXNativeTarget "ReckonINGTests" */ = {
			isa = XCConfigurationList;
			buildConfigurations = (
				0B17F8B71EA837EE00A71E79 /* Debug */,
				0B17F8B81EA837EE00A71E79 /* Release */,
			);
			defaultConfigurationIsVisible = 0;
			defaultConfigurationName = Release;
		};
		0B17F8B91EA837EE00A71E79 /* Build configuration list for PBXNativeTarget "ReckonINGUITests" */ = {
			isa = XCConfigurationList;
			buildConfigurations = (
				0B17F8BA1EA837EE00A71E79 /* Debug */,
				0B17F8BB1EA837EE00A71E79 /* Release */,
			);
			defaultConfigurationIsVisible = 0;
			defaultConfigurationName = Release;
		};
		0B5D403E1EBBF32D004C2699 /* Build configuration list for PBXNativeTarget "SiriExtensionUI" */ = {
			isa = XCConfigurationList;
			buildConfigurations = (
				0B5D403F1EBBF32D004C2699 /* Debug */,
				0B5D40401EBBF32D004C2699 /* Release */,
			);
			defaultConfigurationIsVisible = 0;
			defaultConfigurationName = Release;
		};
		0B5D40411EBBF32D004C2699 /* Build configuration list for PBXNativeTarget "SiriExtension" */ = {
			isa = XCConfigurationList;
			buildConfigurations = (
				0B5D40421EBBF32D004C2699 /* Debug */,
				0B5D40431EBBF32D004C2699 /* Release */,
			);
			defaultConfigurationIsVisible = 0;
			defaultConfigurationName = Release;
		};
/* End XCConfigurationList section */
	};
	rootObject = 0B17F8811EA837ED00A71E79 /* Project object */;
}
